
Microsoft Visual Studio Solution File, Format Version 12.00
# Visual Studio Version 17
VisualStudioVersion = 17.13.35919.96
MinimumVisualStudioVersion = 10.0.40219.1
Project("{FAE04EC0-301F-11D3-BF4B-00C04F79EFBC}") = "TodoApp", "TodoApp\TodoApp.csproj", "{DCA79BF5-7F17-4056-BD58-439A283CE7E9}"
EndProject
Project("{FAE04EC0-301F-11D3-BF4B-00C04F79EFBC}") = "QuanLysinhvien", "QuanLysinhvien\QuanLysinhvien.csproj", "{C6D859F9-7FA6-40F1-89E1-AB4E12F7E4D7}"
EndProject
Global
	GlobalSection(SolutionConfigurationPlatforms) = preSolution
		Debug|Any CPU = Debug|Any CPU
		Release|Any CPU = Release|Any CPU
	EndGlobalSection
	GlobalSection(ProjectConfigurationPlatforms) = postSolution
		{DCA79BF5-7F17-4056-BD58-439A283CE7E9}.Debug|Any CPU.ActiveCfg = Debug|Any CPU
		{DCA79BF5-7F17-4056-BD58-439A283CE7E9}.Debug|Any CPU.Build.0 = Debug|Any CPU
		{DCA79BF5-7F17-4056-BD58-439A283CE7E9}.Release|Any CPU.ActiveCfg = Release|Any CPU
		{DCA79BF5-7F17-4056-BD58-439A283CE7E9}.Release|Any CPU.Build.0 = Release|Any CPU
		{C6D859F9-7FA6-40F1-89E1-AB4E12F7E4D7}.Debug|Any CPU.ActiveCfg = Debug|Any CPU
		{C6D859F9-7FA6-40F1-89E1-AB4E12F7E4D7}.Debug|Any CPU.Build.0 = Debug|Any CPU
		{C6D859F9-7FA6-40F1-89E1-AB4E12F7E4D7}.Release|Any CPU.ActiveCfg = Release|Any CPU
		{C6D859F9-7FA6-40F1-89E1-AB4E12F7E4D7}.Release|Any CPU.Build.0 = Release|Any CPU
	EndGlobalSection
	GlobalSection(SolutionProperties) = preSolution
		HideSolutionNode = FALSE
	EndGlobalSection
	GlobalSection(ExtensibilityGlobals) = postSolution
		SolutionGuid = {C2A16D69-A147-49A0-899A-CECF017C48D8}
	EndGlobalSection
EndGlobal
